
Microsoft Visual Studio Solution File, Format Version 12.00
# Visual Studio Version 17
VisualStudioVersion = 17.2.32630.192
MinimumVisualStudioVersion = 10.0.40219.1
Project("{9A19103F-16F7-4668-BE54-9A1E7A4F7556}") = "BookExchange", "BookExchange\BookExchange.csproj", "{6AC19773-0DFA-49E0-9FBA-D2071CD05CA6}"
EndProject
Project("{9A19103F-16F7-4668-BE54-9A1E7A4F7556}") = "BookExchange.Domain", "BookExchange.Domain\BookExchange.Domain.csproj", "{55BDDDE8-4893-497A-BD77-2C59E4F2627C}"
EndProject
Project("{FAE04EC0-301F-11D3-BF4B-00C04F79EFBC}") = "BookExchange.Databases", "BookExchange.Databases\BookExchange.Databases.csproj", "{6AC0F77E-497F-4C7D-879F-B785165D66D8}"
EndProject
Global
	GlobalSection(SolutionConfigurationPlatforms) = preSolution
		Debug|Any CPU = Debug|Any CPU
		Release|Any CPU = Release|Any CPU
	EndGlobalSection
	GlobalSection(ProjectConfigurationPlatforms) = postSolution
		{6AC19773-0DFA-49E0-9FBA-D2071CD05CA6}.Debug|Any CPU.ActiveCfg = Debug|Any CPU
		{6AC19773-0DFA-49E0-9FBA-D2071CD05CA6}.Debug|Any CPU.Build.0 = Debug|Any CPU
		{6AC19773-0DFA-49E0-9FBA-D2071CD05CA6}.Release|Any CPU.ActiveCfg = Release|Any CPU
		{6AC19773-0DFA-49E0-9FBA-D2071CD05CA6}.Release|Any CPU.Build.0 = Release|Any CPU
		{55BDDDE8-4893-497A-BD77-2C59E4F2627C}.Debug|Any CPU.ActiveCfg = Debug|Any CPU
		{55BDDDE8-4893-497A-BD77-2C59E4F2627C}.Debug|Any CPU.Build.0 = Debug|Any CPU
		{55BDDDE8-4893-497A-BD77-2C59E4F2627C}.Release|Any CPU.ActiveCfg = Release|Any CPU
		{55BDDDE8-4893-497A-BD77-2C59E4F2627C}.Release|Any CPU.Build.0 = Release|Any CPU
		{6AC0F77E-497F-4C7D-879F-B785165D66D8}.Debug|Any CPU.ActiveCfg = Debug|Any CPU
		{6AC0F77E-497F-4C7D-879F-B785165D66D8}.Debug|Any CPU.Build.0 = Debug|Any CPU
		{6AC0F77E-497F-4C7D-879F-B785165D66D8}.Release|Any CPU.ActiveCfg = Release|Any CPU
		{6AC0F77E-497F-4C7D-879F-B785165D66D8}.Release|Any CPU.Build.0 = Release|Any CPU
	EndGlobalSection
	GlobalSection(SolutionProperties) = preSolution
		HideSolutionNode = FALSE
	EndGlobalSection
	GlobalSection(ExtensibilityGlobals) = postSolution
		SolutionGuid = {D10CB93F-9EAF-43EF-8837-4103BA7AD44C}
	EndGlobalSection
EndGlobal
